
Microsoft Visual Studio Solution File, Format Version 12.00
# Visual Studio 15
VisualStudioVersion = 15.0.28307.960
MinimumVisualStudioVersion = 10.0.40219.1
Project("{FAE04EC0-301F-11D3-BF4B-00C04F79EFBC}") = "update_peidos_pronta", "update_peidos_pronta\update_peidos_pronta.csproj", "{E623860E-6ED6-4103-834C-DC6A1378345A}"
EndProject
Global
	GlobalSection(SolutionConfigurationPlatforms) = preSolution
		Debug|Any CPU = Debug|Any CPU
		Release|Any CPU = Release|Any CPU
	EndGlobalSection
	GlobalSection(ProjectConfigurationPlatforms) = postSolution
		{E623860E-6ED6-4103-834C-DC6A1378345A}.Debug|Any CPU.ActiveCfg = Debug|Any CPU
		{E623860E-6ED6-4103-834C-DC6A1378345A}.Debug|Any CPU.Build.0 = Debug|Any CPU
		{E623860E-6ED6-4103-834C-DC6A1378345A}.Release|Any CPU.ActiveCfg = Release|Any CPU
		{E623860E-6ED6-4103-834C-DC6A1378345A}.Release|Any CPU.Build.0 = Release|Any CPU
	EndGlobalSection
	GlobalSection(SolutionProperties) = preSolution
		HideSolutionNode = FALSE
	EndGlobalSection
	GlobalSection(ExtensibilityGlobals) = postSolution
		SolutionGuid = {531D0B5A-C6D1-4D87-8A91-039133CCE4C9}
	EndGlobalSection
EndGlobal
